
Microsoft Visual Studio Solution File, Format Version 12.00
# Visual Studio Version 17
VisualStudioVersion = 17.9.34728.123
MinimumVisualStudioVersion = 10.0.40219.1
Project("{FAE04EC0-301F-11D3-BF4B-00C04F79EFBC}") = "ThereforeAddUsers", "ThereforeAddUsers\ThereforeAddUsers.csproj", "{C725B9BF-7774-4CB2-8212-36D09B8A7BBE}"
EndProject
Global
	GlobalSection(SolutionConfigurationPlatforms) = preSolution
		Debug|Any CPU = Debug|Any CPU
		Release|Any CPU = Release|Any CPU
	EndGlobalSection
	GlobalSection(ProjectConfigurationPlatforms) = postSolution
		{C725B9BF-7774-4CB2-8212-36D09B8A7BBE}.Debug|Any CPU.ActiveCfg = Debug|Any CPU
		{C725B9BF-7774-4CB2-8212-36D09B8A7BBE}.Debug|Any CPU.Build.0 = Debug|Any CPU
		{C725B9BF-7774-4CB2-8212-36D09B8A7BBE}.Release|Any CPU.ActiveCfg = Release|Any CPU
		{C725B9BF-7774-4CB2-8212-36D09B8A7BBE}.Release|Any CPU.Build.0 = Release|Any CPU
	EndGlobalSection
	GlobalSection(SolutionProperties) = preSolution
		HideSolutionNode = FALSE
	EndGlobalSection
	GlobalSection(ExtensibilityGlobals) = postSolution
		SolutionGuid = {B31293D0-5880-468A-9131-732C69391B1A}
	EndGlobalSection
EndGlobal
